Microsoft Visual Studio Solution File, Format Version 12.00
# Visual Studio Version 17
VisualStudioVersion = 17.11.35327.3
MinimumVisualStudioVersion = 10.0.40219.1
Project("{9A19103F-16F7-4668-BE54-9A1E7A4F7556}") = "BienOblige.AppHost", "BienOblige.AppHost\BienOblige.AppHost.csproj", "{96F3538B-A177-4652-93F2-CC80872CD745}"
EndProject
Project("{9A19103F-16F7-4668-BE54-9A1E7A4F7556}") = "BienOblige.ServiceDefaults", "BienOblige.ServiceDefaults\BienOblige.ServiceDefaults.csproj", "{DFC8D8D8-3734-48E1-A2C3-8F3DB721A1B1}"
EndProject
Project("{9A19103F-16F7-4668-BE54-9A1E7A4F7556}") = "BienOblige.ApiService", "BienOblige.ApiService\BienOblige.ApiService.csproj", "{123245B7-25C7-45E1-8929-C152962EBF89}"
EndProject
Project("{2150E333-8FDC-42A3-9474-1A3956D46DE8}") = "01 - Domain", "01 - Domain", "{7B082690-2EA6-439E-986F-A0C68B5CB968}"
EndProject
Project("{2150E333-8FDC-42A3-9474-1A3956D46DE8}") = "02 - Application", "02 - Application", "{2865EDF1-3B8A-4050-B424-116413337694}"
EndProject
Project("{2150E333-8FDC-42A3-9474-1A3956D46DE8}") = "03 - Infrastructure", "03 - Infrastructure", "{5F8D7236-A488-43D6-97E1-7BCD2ED89773}"
EndProject
Project("{2150E333-8FDC-42A3-9474-1A3956D46DE8}") = "04 - Interface", "04 - Interface", "{D6C45C03-7AEE-4F95-8B32-E0106977326D}"
EndProject
Project("{2150E333-8FDC-42A3-9474-1A3956D46DE8}") = "09 - Tests", "09 - Tests", "{7881CA14-4432-418D-A6C9-1579518D5542}"
EndProject
Project("{9A19103F-16F7-4668-BE54-9A1E7A4F7556}") = "BienOblige.Execution.Application", "BienOblige.Execution.Application\BienOblige.Execution.Application.csproj", "{833BD196-7FC8-4213-9E99-123362138ED5}"
EndProject
Project("{9A19103F-16F7-4668-BE54-9A1E7A4F7556}") = "BienOblige.Execution.Application.Test", "BienOblige.Execution.Application.Test\BienOblige.Execution.Application.Test.csproj", "{FC7DB439-2579-4CBC-9966-0A4A15567A6F}"
EndProject
Project("{9A19103F-16F7-4668-BE54-9A1E7A4F7556}") = "BienOblige.Execution", "BienOblige.Execution\BienOblige.Execution.csproj", "{580A8931-64D8-4232-90A2-E39098C08B2B}"
EndProject
Project("{9A19103F-16F7-4668-BE54-9A1E7A4F7556}") = "BienOblige", "BienOblige\BienOblige.csproj", "{9C884E2D-841E-4FC4-B1FB-30A212D2E0BB}"
EndProject
Project("{9A19103F-16F7-4668-BE54-9A1E7A4F7556}") = "BienOblige.Execution.Data.Kafka", "BienOblige.Execution.Data.Kafka\BienOblige.Execution.Data.Kafka.csproj", "{BA30D8DF-4A0A-4638-ACEE-0AEDAEDBEAE5}"
EndProject
Project("{9A19103F-16F7-4668-BE54-9A1E7A4F7556}") = "BienOblige.ApiService.IntegrationTest", "BienOblige.ApiService.IntegrationTest\BienOblige.ApiService.IntegrationTest.csproj", "{18447915-53CD-4675-8139-91F0369CBD02}"
EndProject
Project("{2150E333-8FDC-42A3-9474-1A3956D46DE8}") = "05 - Hosting", "05 - Hosting", "{0CAA8200-6064-477E-B4BB-FA9B9264A814}"
EndProject
Project("{9A19103F-16F7-4668-BE54-9A1E7A4F7556}") = "BienOblige.Execution.Data.Kafka.Test", "BienOblige.Execution.Data.Kafka.Test\BienOblige.Execution.Data.Kafka.Test.csproj", "{C8443D14-5D71-42FA-901B-B754D4E31EA5}"
EndProject
Project("{FAE04EC0-301F-11D3-BF4B-00C04F79EFBC}") = "BienOblige.Execution.Worker", "BienOblige.Execution.Worker\BienOblige.Execution.Worker.csproj", "{B18FAEC8-191E-49C2-A123-FF8F98351D08}"
EndProject
Project("{FAE04EC0-301F-11D3-BF4B-00C04F79EFBC}") = "BienOblige.Execution.Data.Elastic", "BienOblige.Execution.Data.Elastic\BienOblige.Execution.Data.Elastic.csproj", "{5178AB4F-38FA-4DED-96C0-E5493A43BD51}"
EndProject
Global
	GlobalSection(SolutionConfigurationPlatforms) = preSolution
		Debug|Any CPU = Debug|Any CPU
		Release|Any CPU = Release|Any CPU
	EndGlobalSection
	GlobalSection(ProjectConfigurationPlatforms) = postSolution
		{96F3538B-A177-4652-93F2-CC80872CD745}.Debug|Any CPU.ActiveCfg = Debug|Any CPU
		{96F3538B-A177-4652-93F2-CC80872CD745}.Debug|Any CPU.Build.0 = Debug|Any CPU
		{96F3538B-A177-4652-93F2-CC80872CD745}.Release|Any CPU.ActiveCfg = Release|Any CPU
		{96F3538B-A177-4652-93F2-CC80872CD745}.Release|Any CPU.Build.0 = Release|Any CPU
		{DFC8D8D8-3734-48E1-A2C3-8F3DB721A1B1}.Debug|Any CPU.ActiveCfg = Debug|Any CPU
		{DFC8D8D8-3734-48E1-A2C3-8F3DB721A1B1}.Debug|Any CPU.Build.0 = Debug|Any CPU
		{DFC8D8D8-3734-48E1-A2C3-8F3DB721A1B1}.Release|Any CPU.ActiveCfg = Release|Any CPU
		{DFC8D8D8-3734-48E1-A2C3-8F3DB721A1B1}.Release|Any CPU.Build.0 = Release|Any CPU
		{123245B7-25C7-45E1-8929-C152962EBF89}.Debug|Any CPU.ActiveCfg = Debug|Any CPU
		{123245B7-25C7-45E1-8929-C152962EBF89}.Debug|Any CPU.Build.0 = Debug|Any CPU
		{123245B7-25C7-45E1-8929-C152962EBF89}.Release|Any CPU.ActiveCfg = Release|Any CPU
		{123245B7-25C7-45E1-8929-C152962EBF89}.Release|Any CPU.Build.0 = Release|Any CPU
		{833BD196-7FC8-4213-9E99-123362138ED5}.Debug|Any CPU.ActiveCfg = Debug|Any CPU
		{833BD196-7FC8-4213-9E99-123362138ED5}.Debug|Any CPU.Build.0 = Debug|Any CPU
		{833BD196-7FC8-4213-9E99-123362138ED5}.Release|Any CPU.ActiveCfg = Release|Any CPU
		{833BD196-7FC8-4213-9E99-123362138ED5}.Release|Any CPU.Build.0 = Release|Any CPU
		{FC7DB439-2579-4CBC-9966-0A4A15567A6F}.Debug|Any CPU.ActiveCfg = Debug|Any CPU
		{FC7DB439-2579-4CBC-9966-0A4A15567A6F}.Debug|Any CPU.Build.0 = Debug|Any CPU
		{FC7DB439-2579-4CBC-9966-0A4A15567A6F}.Release|Any CPU.ActiveCfg = Release|Any CPU
		{FC7DB439-2579-4CBC-9966-0A4A15567A6F}.Release|Any CPU.Build.0 = Release|Any CPU
		{580A8931-64D8-4232-90A2-E39098C08B2B}.Debug|Any CPU.ActiveCfg = Debug|Any CPU
		{580A8931-64D8-4232-90A2-E39098C08B2B}.Debug|Any CPU.Build.0 = Debug|Any CPU
		{580A8931-64D8-4232-90A2-E39098C08B2B}.Release|Any CPU.ActiveCfg = Release|Any CPU
		{580A8931-64D8-4232-90A2-E39098C08B2B}.Release|Any CPU.Build.0 = Release|Any CPU
		{9C884E2D-841E-4FC4-B1FB-30A212D2E0BB}.Debug|Any CPU.ActiveCfg = Debug|Any CPU
		{9C884E2D-841E-4FC4-B1FB-30A212D2E0BB}.Debug|Any CPU.Build.0 = Debug|Any CPU
		{9C884E2D-841E-4FC4-B1FB-30A212D2E0BB}.Release|Any CPU.ActiveCfg = Release|Any CPU
		{9C884E2D-841E-4FC4-B1FB-30A212D2E0BB}.Release|Any CPU.Build.0 = Release|Any CPU
		{BA30D8DF-4A0A-4638-ACEE-0AEDAEDBEAE5}.Debug|Any CPU.ActiveCfg = Debug|Any CPU
		{BA30D8DF-4A0A-4638-ACEE-0AEDAEDBEAE5}.Debug|Any CPU.Build.0 = Debug|Any CPU
		{BA30D8DF-4A0A-4638-ACEE-0AEDAEDBEAE5}.Release|Any CPU.ActiveCfg = Release|Any CPU
		{BA30D8DF-4A0A-4638-ACEE-0AEDAEDBEAE5}.Release|Any CPU.Build.0 = Release|Any CPU
		{18447915-53CD-4675-8139-91F0369CBD02}.Debug|Any CPU.ActiveCfg = Debug|Any CPU
		{18447915-53CD-4675-8139-91F0369CBD02}.Debug|Any CPU.Build.0 = Debug|Any CPU
		{18447915-53CD-4675-8139-91F0369CBD02}.Release|Any CPU.ActiveCfg = Release|Any CPU
		{18447915-53CD-4675-8139-91F0369CBD02}.Release|Any CPU.Build.0 = Release|Any CPU
		{C8443D14-5D71-42FA-901B-B754D4E31EA5}.Debug|Any CPU.ActiveCfg = Debug|Any CPU
		{C8443D14-5D71-42FA-901B-B754D4E31EA5}.Debug|Any CPU.Build.0 = Debug|Any CPU
		{C8443D14-5D71-42FA-901B-B754D4E31EA5}.Release|Any CPU.ActiveCfg = Release|Any CPU
		{C8443D14-5D71-42FA-901B-B754D4E31EA5}.Release|Any CPU.Build.0 = Release|Any CPU
		{B18FAEC8-191E-49C2-A123-FF8F98351D08}.Debug|Any CPU.ActiveCfg = Debug|Any CPU
		{B18FAEC8-191E-49C2-A123-FF8F98351D08}.Debug|Any CPU.Build.0 = Debug|Any CPU
		{B18FAEC8-191E-49C2-A123-FF8F98351D08}.Release|Any CPU.ActiveCfg = Release|Any CPU
		{B18FAEC8-191E-49C2-A123-FF8F98351D08}.Release|Any CPU.Build.0 = Release|Any CPU
		{5178AB4F-38FA-4DED-96C0-E5493A43BD51}.Debug|Any CPU.ActiveCfg = Debug|Any CPU
		{5178AB4F-38FA-4DED-96C0-E5493A43BD51}.Debug|Any CPU.Build.0 = Debug|Any CPU
		{5178AB4F-38FA-4DED-96C0-E5493A43BD51}.Release|Any CPU.ActiveCfg = Release|Any CPU
		{5178AB4F-38FA-4DED-96C0-E5493A43BD51}.Release|Any CPU.Build.0 = Release|Any CPU
	EndGlobalSection
	GlobalSection(SolutionProperties) = preSolution
		HideSolutionNode = FALSE
	EndGlobalSection
	GlobalSection(NestedProjects) = preSolution
		{96F3538B-A177-4652-93F2-CC80872CD745} = {0CAA8200-6064-477E-B4BB-FA9B9264A814}
		{DFC8D8D8-3734-48E1-A2C3-8F3DB721A1B1} = {0CAA8200-6064-477E-B4BB-FA9B9264A814}
		{123245B7-25C7-45E1-8929-C152962EBF89} = {D6C45C03-7AEE-4F95-8B32-E0106977326D}
		{833BD196-7FC8-4213-9E99-123362138ED5} = {2865EDF1-3B8A-4050-B424-116413337694}
		{FC7DB439-2579-4CBC-9966-0A4A15567A6F} = {7881CA14-4432-418D-A6C9-1579518D5542}
		{580A8931-64D8-4232-90A2-E39098C08B2B} = {7B082690-2EA6-439E-986F-A0C68B5CB968}
		{9C884E2D-841E-4FC4-B1FB-30A212D2E0BB} = {7B082690-2EA6-439E-986F-A0C68B5CB968}
		{BA30D8DF-4A0A-4638-ACEE-0AEDAEDBEAE5} = {5F8D7236-A488-43D6-97E1-7BCD2ED89773}
		{18447915-53CD-4675-8139-91F0369CBD02} = {7881CA14-4432-418D-A6C9-1579518D5542}
		{C8443D14-5D71-42FA-901B-B754D4E31EA5} = {7881CA14-4432-418D-A6C9-1579518D5542}
		{B18FAEC8-191E-49C2-A123-FF8F98351D08} = {D6C45C03-7AEE-4F95-8B32-E0106977326D}
		{5178AB4F-38FA-4DED-96C0-E5493A43BD51} = {5F8D7236-A488-43D6-97E1-7BCD2ED89773}
	EndGlobalSection
	GlobalSection(ExtensibilityGlobals) = postSolution
		SolutionGuid = {F93FA578-CDB9-4E04-991F-36B56AB2DAB7}
	EndGlobalSection
EndGlobal
